
Microsoft Visual Studio Solution File, Format Version 12.00
# Visual Studio 15
VisualStudioVersion = 15.0.28307.1267
MinimumVisualStudioVersion = 10.0.40219.1
Project("{FAE04EC0-301F-11D3-BF4B-00C04F79EFBC}") = "ServerConfigMtk-P2-2018014016", "ServerConfigMtk-P2-2018014016\ServerConfigMtk-P2-2018014016.csproj", "{48EFC84F-8AA2-4265-9AD1-336E41DAFE72}"
EndProject
Global
	GlobalSection(SolutionConfigurationPlatforms) = preSolution
		Debug|Any CPU = Debug|Any CPU
		Release|Any CPU = Release|Any CPU
	EndGlobalSection
	GlobalSection(ProjectConfigurationPlatforms) = postSolution
		{48EFC84F-8AA2-4265-9AD1-336E41DAFE72}.Debug|Any CPU.ActiveCfg = Debug|Any CPU
		{48EFC84F-8AA2-4265-9AD1-336E41DAFE72}.Debug|Any CPU.Build.0 = Debug|Any CPU
		{48EFC84F-8AA2-4265-9AD1-336E41DAFE72}.Release|Any CPU.ActiveCfg = Release|Any CPU
		{48EFC84F-8AA2-4265-9AD1-336E41DAFE72}.Release|Any CPU.Build.0 = Release|Any CPU
	EndGlobalSection
	GlobalSection(SolutionProperties) = preSolution
		HideSolutionNode = FALSE
	EndGlobalSection
	GlobalSection(ExtensibilityGlobals) = postSolution
		SolutionGuid = {3E9B176F-5BFC-49D8-93EB-831F5EF708AB}
	EndGlobalSection
EndGlobal
